
Microsoft Visual Studio Solution File, Format Version 12.00
# Visual Studio 15
VisualStudioVersion = 15.0.27130.2003
MinimumVisualStudioVersion = 10.0.40219.1
Project("{FAE04EC0-301F-11D3-BF4B-00C04F79EFBC}") = "ConsoleCalcC", "ConsoleCalcC\ConsoleCalcC.csproj", "{BF3C32F9-13DE-41C2-9F2C-22CCD7BBCDFA}"
EndProject
Project("{FAE04EC0-301F-11D3-BF4B-00C04F79EFBC}") = "CalcTest", "CalcTest\CalcTest\CalcTest.csproj", "{29E15669-B866-47A8-B571-D082D9AB7EC9}"
EndProject
Global
	GlobalSection(SolutionConfigurationPlatforms) = preSolution
		Debug|Any CPU = Debug|Any CPU
		Release|Any CPU = Release|Any CPU
	EndGlobalSection
	GlobalSection(ProjectConfigurationPlatforms) = postSolution
		{BF3C32F9-13DE-41C2-9F2C-22CCD7BBCDFA}.Debug|Any CPU.ActiveCfg = Debug|Any CPU
		{BF3C32F9-13DE-41C2-9F2C-22CCD7BBCDFA}.Debug|Any CPU.Build.0 = Debug|Any CPU
		{BF3C32F9-13DE-41C2-9F2C-22CCD7BBCDFA}.Release|Any CPU.ActiveCfg = Release|Any CPU
		{BF3C32F9-13DE-41C2-9F2C-22CCD7BBCDFA}.Release|Any CPU.Build.0 = Release|Any CPU
		{29E15669-B866-47A8-B571-D082D9AB7EC9}.Debug|Any CPU.ActiveCfg = Debug|Any CPU
		{29E15669-B866-47A8-B571-D082D9AB7EC9}.Debug|Any CPU.Build.0 = Debug|Any CPU
		{29E15669-B866-47A8-B571-D082D9AB7EC9}.Release|Any CPU.ActiveCfg = Release|Any CPU
		{29E15669-B866-47A8-B571-D082D9AB7EC9}.Release|Any CPU.Build.0 = Release|Any CPU
	EndGlobalSection
	GlobalSection(SolutionProperties) = preSolution
		HideSolutionNode = FALSE
	EndGlobalSection
	GlobalSection(ExtensibilityGlobals) = postSolution
		SolutionGuid = {090CC97D-6AAE-467C-ADA2-3D2A6645B639}
	EndGlobalSection
EndGlobal
